// !$*UTF8*$!
{
	archiveVersion = 1;
	classes = {
	};
	objectVersion = 46;
	objects = {

/* Begin PBXBuildFile section */
		1C15D41D1577380A00E4E168 /* icon.png in Resources */ = {isa = PBXBuildFile; fileRef = 1C15D41C1577380A00E4E168 /* icon.png */; };
		1C15D4201577384E00E4E168 /* icon-s.png in Resources */ = {isa = PBXBuildFile; fileRef = 1C15D41F1577384E00E4E168 /* icon-s.png */; };
		1C15D4221577546200E4E168 /* bigcard-2.png in Resources */ = {isa = PBXBuildFile; fileRef = 1C15D4211577546200E4E168 /* bigcard-2.png */; };
		1C15D4241577710E00E4E168 /* bg.png in Resources */ = {isa = PBXBuildFile; fileRef = 1C15D4231577710E00E4E168 /* bg.png */; };
		1C15D4281577748000E4E168 /* bt-more-cards.png in Resources */ = {isa = PBXBuildFile; fileRef = 1C15D4251577748000E4E168 /* bt-more-cards.png */; };
		1C15D4291577748000E4E168 /* bt-opendream.png in Resources */ = {isa = PBXBuildFile; fileRef = 1C15D4261577748000E4E168 /* bt-opendream.png */; };
		1C15D42A1577748000E4E168 /* bt-scrum-course.png in Resources */ = {isa = PBXBuildFile; fileRef = 1C15D4271577748000E4E168 /* bt-scrum-course.png */; };
		1C15D42E1577796700E4E168 /* MoreViewController.m in Sources */ = {isa = PBXBuildFile; fileRef = 1C15D42C1577796700E4E168 /* MoreViewController.m */; };
		1C15D42F1577796700E4E168 /* MoreViewController.xib in Resources */ = {isa = PBXBuildFile; fileRef = 1C15D42D1577796700E4E168 /* MoreViewController.xib */; };
		1C15D4311577820A00E4E168 /* h-about.png in Resources */ = {isa = PBXBuildFile; fileRef = 1C15D4301577820A00E4E168 /* h-about.png */; };
		1C15D4351577839100E4E168 /* MoreCardViewController.m in Sources */ = {isa = PBXBuildFile; fileRef = 1C15D4331577839100E4E168 /* MoreCardViewController.m */; };
		1C15D4361577839100E4E168 /* MoreCardViewController.xib in Resources */ = {isa = PBXBuildFile; fileRef = 1C15D4341577839100E4E168 /* MoreCardViewController.xib */; };
		1C15D4381578C30500E4E168 /* back.png in Resources */ = {isa = PBXBuildFile; fileRef = 1C15D4371578C30500E4E168 /* back.png */; };
		1C15D43C1578F5FE00E4E168 /* AboutOpendreamViewController.m in Sources */ = {isa = PBXBuildFile; fileRef = 1C15D43A1578F5FE00E4E168 /* AboutOpendreamViewController.m */; };
		1C15D43D1578F5FE00E4E168 /* AboutOpendreamViewController.xib in Resources */ = {isa = PBXBuildFile; fileRef = 1C15D43B1578F5FE00E4E168 /* AboutOpendreamViewController.xib */; };
		1C15D441157DB77F00E4E168 /* AboutScrumViewController.m in Sources */ = {isa = PBXBuildFile; fileRef = 1C15D43F157DB77F00E4E168 /* AboutScrumViewController.m */; };
		1C15D442157DB77F00E4E168 /* AboutScrumViewController.xib in Resources */ = {isa = PBXBuildFile; fileRef = 1C15D440157DB77F00E4E168 /* AboutScrumViewController.xib */; };
		1C15D445157DBD7900E4E168 /* Reachability.m in Sources */ = {isa = PBXBuildFile; fileRef = 1C15D444157DBD7900E4E168 /* Reachability.m */; };
		1C15D447157DC6FA00E4E168 /* SystemConfiguration.framework in Frameworks */ = {isa = PBXBuildFile; fileRef = 1C15D446157DC6FA00E4E168 /* SystemConfiguration.framework */; };
		1C3CE408157F92DA006E9A14 /* bigcard--1.png in Resources */ = {isa = PBXBuildFile; fileRef = 1C3CE407157F92DA006E9A14 /* bigcard--1.png */; };
		1C3CE40A157F9310006E9A14 /* bigcard-999.png in Resources */ = {isa = PBXBuildFile; fileRef = 1C3CE409157F9310006E9A14 /* bigcard-999.png */; };
		1C3CE40D157F931B006E9A14 /* card--1.png in Resources */ = {isa = PBXBuildFile; fileRef = 1C3CE40B157F931B006E9A14 /* card--1.png */; };
		1C3CE40E157F931B006E9A14 /* card-999.png in Resources */ = {isa = PBXBuildFile; fileRef = 1C3CE40C157F931B006E9A14 /* card-999.png */; };
		1CA3707F1576052200535A82 /* UIKit.framework in Frameworks */ = {isa = PBXBuildFile; fileRef = 1CA3707E1576052200535A82 /* UIKit.framework */; };
		1CA370811576052200535A82 /* Foundation.framework in Frameworks */ = {isa = PBXBuildFile; fileRef = 1CA370801576052200535A82 /* Foundation.framework */; };
		1CA370831576052200535A82 /* CoreGraphics.framework in Frameworks */ = {isa = PBXBuildFile; fileRef = 1CA370821576052200535A82 /* CoreGraphics.framework */; };
		1CA370891576052200535A82 /* InfoPlist.strings in Resources */ = {isa = PBXBuildFile; fileRef = 1CA370871576052200535A82 /* InfoPlist.strings */; };
		1CA3708B1576052200535A82 /* main.m in Sources */ = {isa = PBXBuildFile; fileRef = 1CA3708A1576052200535A82 /* main.m */; };
		1CA3708F1576052200535A82 /* AppDelegate.m in Sources */ = {isa = PBXBuildFile; fileRef = 1CA3708E1576052200535A82 /* AppDelegate.m */; };
		1CA370A51576061400535A82 /* MainViewController.m in Sources */ = {isa = PBXBuildFile; fileRef = 1CA370A31576061400535A82 /* MainViewController.m */; };
		1CA370A61576061400535A82 /* MainViewController.xib in Resources */ = {isa = PBXBuildFile; fileRef = 1CA370A41576061400535A82 /* MainViewController.xib */; };
		1CA370D2157619F500535A82 /* card-0.png in Resources */ = {isa = PBXBuildFile; fileRef = 1CA370C9157619F500535A82 /* card-0.png */; };
		1CA370D3157619F500535A82 /* card-1.png in Resources */ = {isa = PBXBuildFile; fileRef = 1CA370CA157619F500535A82 /* card-1.png */; };
		1CA370D4157619F500535A82 /* card-2.png in Resources */ = {isa = PBXBuildFile; fileRef = 1CA370CB157619F500535A82 /* card-2.png */; };
		1CA370D5157619F500535A82 /* card-3.png in Resources */ = {isa = PBXBuildFile; fileRef = 1CA370CC157619F500535A82 /* card-3.png */; };
		1CA370D6157619F500535A82 /* card-5.png in Resources */ = {isa = PBXBuildFile; fileRef = 1CA370CD157619F500535A82 /* card-5.png */; };
		1CA370D7157619F500535A82 /* card-8.png in Resources */ = {isa = PBXBuildFile; fileRef = 1CA370CE157619F500535A82 /* card-8.png */; };
		1CA370D8157619F500535A82 /* card-13.png in Resources */ = {isa = PBXBuildFile; fileRef = 1CA370CF157619F500535A82 /* card-13.png */; };
		1CA370E415761ADC00535A82 /* bigcard-0.png in Resources */ = {isa = PBXBuildFile; fileRef = 1CA370DC15761ADC00535A82 /* bigcard-0.png */; };
		1CA370E515761ADC00535A82 /* bigcard-1.png in Resources */ = {isa = PBXBuildFile; fileRef = 1CA370DD15761ADC00535A82 /* bigcard-1.png */; };
		1CA370E615761ADC00535A82 /* bigcard-3.png in Resources */ = {isa = PBXBuildFile; fileRef = 1CA370DE15761ADC00535A82 /* bigcard-3.png */; };
		1CA370E715761ADC00535A82 /* bigcard-5.png in Resources */ = {isa = PBXBuildFile; fileRef = 1CA370DF15761ADC00535A82 /* bigcard-5.png */; };
		1CA370E815761ADC00535A82 /* bigcard-8.png in Resources */ = {isa = PBXBuildFile; fileRef = 1CA370E015761ADC00535A82 /* bigcard-8.png */; };
		1CA370E915761ADC00535A82 /* bigcard-13.png in Resources */ = {isa = PBXBuildFile; fileRef = 1CA370E115761ADC00535A82 /* bigcard-13.png */; };
		1CA3712115761FF200535A82 /* develop-by.png in Resources */ = {isa = PBXBuildFile; fileRef = 1CA3712015761FF200535A82 /* develop-by.png */; };
		1CA371231576213700535A82 /* Default@2x.png in Resources */ = {isa = PBXBuildFile; fileRef = 1CA371221576213700535A82 /* Default@2x.png */; };
		1CA371251576214400535A82 /* Default.png in Resources */ = {isa = PBXBuildFile; fileRef = 1CA371241576214400535A82 /* Default.png */; };
		1CA3713115772E6700535A82 /* more.png in Resources */ = {isa = PBXBuildFile; fileRef = 1CA3713015772E6700535A82 /* more.png */; };
/* End PBXBuildFile section */

/* Begin PBXFileReference section */
		1C15D41C1577380A00E4E168 /* icon.png */ = {isa = PBXFileReference; lastKnownFileType = image.png; path = icon.png; sourceTree = "<group>"; };
		1C15D41F1577384E00E4E168 /* icon-s.png */ = {isa = PBXFileReference; lastKnownFileType = image.png; path = "icon-s.png"; sourceTree = "<group>"; };
		1C15D4211577546200E4E168 /* bigcard-2.png */ = {isa = PBXFileReference; lastKnownFileType = image.png; path = "bigcard-2.png"; sourceTree = "<group>"; };
		1C15D4231577710E00E4E168 /* bg.png */ = {isa = PBXFileReference; lastKnownFileType = image.png; path = bg.png; sourceTree = "<group>"; };
		1C15D4251577748000E4E168 /* bt-more-cards.png */ = {isa = PBXFileReference; lastKnownFileType = image.png; path = "bt-more-cards.png"; sourceTree = "<group>"; };
		1C15D4261577748000E4E168 /* bt-opendream.png */ = {isa = PBXFileReference; lastKnownFileType = image.png; path = "bt-opendream.png"; sourceTree = "<group>"; };
		1C15D4271577748000E4E168 /* bt-scrum-course.png */ = {isa = PBXFileReference; lastKnownFileType = image.png; path = "bt-scrum-course.png"; sourceTree = "<group>"; };
		1C15D42B1577796700E4E168 /* MoreViewController.h */ = {isa = PBXFileReference; fileEncoding = 4; lastKnownFileType = sourcecode.c.h; path = MoreViewController.h; sourceTree = "<group>"; };
		1C15D42C1577796700E4E168 /* MoreViewController.m */ = {isa = PBXFileReference; fileEncoding = 4; lastKnownFileType = sourcecode.c.objc; path = MoreViewController.m; sourceTree = "<group>"; };
		1C15D42D1577796700E4E168 /* MoreViewController.xib */ = {isa = PBXFileReference; fileEncoding = 4; lastKnownFileType = file.xib; path = MoreViewController.xib; sourceTree = "<group>"; };
		1C15D4301577820A00E4E168 /* h-about.png */ = {isa = PBXFileReference; lastKnownFileType = image.png; path = "h-about.png"; sourceTree = "<group>"; };
		1C15D4321577839100E4E168 /* MoreCardViewController.h */ = {isa = PBXFileReference; fileEncoding = 4; lastKnownFileType = sourcecode.c.h; path = MoreCardViewController.h; sourceTree = "<group>"; };
		1C15D4331577839100E4E168 /* MoreCardViewController.m */ = {isa = PBXFileReference; fileEncoding = 4; lastKnownFileType = sourcecode.c.objc; path = MoreCardViewController.m; sourceTree = "<group>"; };
		1C15D4341577839100E4E168 /* MoreCardViewController.xib */ = {isa = PBXFileReference; fileEncoding = 4; lastKnownFileType = file.xib; path = MoreCardViewController.xib; sourceTree = "<group>"; };
		1C15D4371578C30500E4E168 /* back.png */ = {isa = PBXFileReference; lastKnownFileType = image.png; path = back.png; sourceTree = "<group>"; };
		1C15D4391578F5FE00E4E168 /* AboutOpendreamViewController.h */ = {isa = PBXFileReference; fileEncoding = 4; lastKnownFileType = sourcecode.c.h; path = AboutOpendreamViewController.h; sourceTree = "<group>"; };
		1C15D43A1578F5FE00E4E168 /* AboutOpendreamViewController.m */ = {isa = PBXFileReference; fileEncoding = 4; lastKnownFileType = sourcecode.c.objc; path = AboutOpendreamViewController.m; sourceTree = "<group>"; };
		1C15D43B1578F5FE00E4E168 /* AboutOpendreamViewController.xib */ = {isa = PBXFileReference; fileEncoding = 4; lastKnownFileType = file.xib; path = AboutOpendreamViewController.xib; sourceTree = "<group>"; };
		1C15D43E157DB77E00E4E168 /* AboutScrumViewController.h */ = {isa = PBXFileReference; fileEncoding = 4; lastKnownFileType = sourcecode.c.h; path = AboutScrumViewController.h; sourceTree = "<group>"; };
		1C15D43F157DB77F00E4E168 /* AboutScrumViewController.m */ = {isa = PBXFileReference; fileEncoding = 4; lastKnownFileType = sourcecode.c.objc; path = AboutScrumViewController.m; sourceTree = "<group>"; };
		1C15D440157DB77F00E4E168 /* AboutScrumViewController.xib */ = {isa = PBXFileReference; fileEncoding = 4; lastKnownFileType = file.xib; path = AboutScrumViewController.xib; sourceTree = "<group>"; };
		1C15D443157DBD7800E4E168 /* Reachability.h */ = {isa = PBXFileReference; fileEncoding = 4; lastKnownFileType = sourcecode.c.h; path = Reachability.h; sourceTree = "<group>"; };
		1C15D444157DBD7900E4E168 /* Reachability.m */ = {isa = PBXFileReference; fileEncoding = 4; lastKnownFileType = sourcecode.c.objc; path = Reachability.m; sourceTree = "<group>"; };
		1C15D446157DC6FA00E4E168 /* SystemConfiguration.framework */ = {isa = PBXFileReference; lastKnownFileType = wrapper.framework; name = SystemConfiguration.framework; path = System/Library/Frameworks/SystemConfiguration.framework; sourceTree = SDKROOT; };
		1C3CE407157F92DA006E9A14 /* bigcard--1.png */ = {isa = PBXFileReference; lastKnownFileType = image.png; path = "bigcard--1.png"; sourceTree = "<group>"; };
		1C3CE409157F9310006E9A14 /* bigcard-999.png */ = {isa = PBXFileReference; lastKnownFileType = image.png; path = "bigcard-999.png"; sourceTree = "<group>"; };
		1C3CE40B157F931B006E9A14 /* card--1.png */ = {isa = PBXFileReference; lastKnownFileType = image.png; path = "card--1.png"; sourceTree = "<group>"; };
		1C3CE40C157F931B006E9A14 /* card-999.png */ = {isa = PBXFileReference; lastKnownFileType = image.png; path = "card-999.png"; sourceTree = "<group>"; };
		1CA3707A1576052200535A82 /* PlanningPoker.app */ = {isa = PBXFileReference; explicitFileType = wrapper.application; includeInIndex = 0; path = PlanningPoker.app; sourceTree = BUILT_PRODUCTS_DIR; };
		1CA3707E1576052200535A82 /* UIKit.framework */ = {isa = PBXFileReference; lastKnownFileType = wrapper.framework; name = UIKit.framework; path = System/Library/Frameworks/UIKit.framework; sourceTree = SDKROOT; };
		1CA370801576052200535A82 /* Foundation.framework */ = {isa = PBXFileReference; lastKnownFileType = wrapper.framework; name = Foundation.framework; path = System/Library/Frameworks/Foundation.framework; sourceTree = SDKROOT; };
		1CA370821576052200535A82 /* CoreGraphics.framework */ = {isa = PBXFileReference; lastKnownFileType = wrapper.framework; name = CoreGraphics.framework; path = System/Library/Frameworks/CoreGraphics.framework; sourceTree = SDKROOT; };
		1CA370861576052200535A82 /* PlanningPoker-Info.plist */ = {isa = PBXFileReference; lastKnownFileType = text.plist.xml; path = "PlanningPoker-Info.plist"; sourceTree = "<group>"; };
		1CA370881576052200535A82 /* en */ = {isa = PBXFileReference; lastKnownFileType = text.plist.strings; name = en; path = en.lproj/InfoPlist.strings; sourceTree = "<group>"; };
		1CA3708A1576052200535A82 /* main.m */ = {isa = PBXFileReference; lastKnownFileType = sourcecode.c.objc; path = main.m; sourceTree = "<group>"; };
		1CA3708C1576052200535A82 /* PlanningPoker-Prefix.pch */ = {isa = PBXFileReference; lastKnownFileType = sourcecode.c.h; path = "PlanningPoker-Prefix.pch"; sourceTree = "<group>"; };
		1CA3708D1576052200535A82 /* AppDelegate.h */ = {isa = PBXFileReference; lastKnownFileType = sourcecode.c.h; path = AppDelegate.h; sourceTree = "<group>"; };
		1CA3708E1576052200535A82 /* AppDelegate.m */ = {isa = PBXFileReference; lastKnownFileType = sourcecode.c.objc; path = AppDelegate.m; sourceTree = "<group>"; };
		1CA370A21576061400535A82 /* MainViewController.h */ = {isa = PBXFileReference; fileEncoding = 4; lastKnownFileType = sourcecode.c.h; path = MainViewController.h; sourceTree = "<group>"; };
		1CA370A31576061400535A82 /* MainViewController.m */ = {isa = PBXFileReference; fileEncoding = 4; lastKnownFileType = sourcecode.c.objc; path = MainViewController.m; sourceTree = "<group>"; };
		1CA370A41576061400535A82 /* MainViewController.xib */ = {isa = PBXFileReference; fileEncoding = 4; lastKnownFileType = file.xib; path = MainViewController.xib; sourceTree = "<group>"; };
		1CA370C9157619F500535A82 /* card-0.png */ = {isa = PBXFileReference; lastKnownFileType = image.png; path = "card-0.png"; sourceTree = "<group>"; };
		1CA370CA157619F500535A82 /* card-1.png */ = {isa = PBXFileReference; lastKnownFileType = image.png; path = "card-1.png"; sourceTree = "<group>"; };
		1CA370CB157619F500535A82 /* card-2.png */ = {isa = PBXFileReference; lastKnownFileType = image.png; path = "card-2.png"; sourceTree = "<group>"; };
		1CA370CC157619F500535A82 /* card-3.png */ = {isa = PBXFileReference; lastKnownFileType = image.png; path = "card-3.png"; sourceTree = "<group>"; };
		1CA370CD157619F500535A82 /* card-5.png */ = {isa = PBXFileReference; lastKnownFileType = image.png; path = "card-5.png"; sourceTree = "<group>"; };
		1CA370CE157619F500535A82 /* card-8.png */ = {isa = PBXFileReference; lastKnownFileType = image.png; path = "card-8.png"; sourceTree = "<group>"; };
		1CA370CF157619F500535A82 /* card-13.png */ = {isa = PBXFileReference; lastKnownFileType = image.png; path = "card-13.png"; sourceTree = "<group>"; };
		1CA370DC15761ADC00535A82 /* bigcard-0.png */ = {isa = PBXFileReference; lastKnownFileType = image.png; path = "bigcard-0.png"; sourceTree = "<group>"; };
		1CA370DD15761ADC00535A82 /* bigcard-1.png */ = {isa = PBXFileReference; lastKnownFileType = image.png; path = "bigcard-1.png"; sourceTree = "<group>"; };
		1CA370DE15761ADC00535A82 /* bigcard-3.png */ = {isa = PBXFileReference; lastKnownFileType = image.png; path = "bigcard-3.png"; sourceTree = "<group>"; };
		1CA370DF15761ADC00535A82 /* bigcard-5.png */ = {isa = PBXFileReference; lastKnownFileType = image.png; path = "bigcard-5.png"; sourceTree = "<group>"; };
		1CA370E015761ADC00535A82 /* bigcard-8.png */ = {isa = PBXFileReference; lastKnownFileType = image.png; path = "bigcard-8.png"; sourceTree = "<group>"; };
		1CA370E115761ADC00535A82 /* bigcard-13.png */ = {isa = PBXFileReference; lastKnownFileType = image.png; path = "bigcard-13.png"; sourceTree = "<group>"; };
		1CA3712015761FF200535A82 /* develop-by.png */ = {isa = PBXFileReference; lastKnownFileType = image.png; path = "develop-by.png"; sourceTree = "<group>"; };
		1CA371221576213700535A82 /* Default@2x.png */ = {isa = PBXFileReference; lastKnownFileType = image.png; path = "Default@2x.png"; sourceTree = "<group>"; };
		1CA371241576214400535A82 /* Default.png */ = {isa = PBXFileReference; lastKnownFileType = image.png; path = Default.png; sourceTree = "<group>"; };
		1CA3713015772E6700535A82 /* more.png */ = {isa = PBXFileReference; lastKnownFileType = image.png; path = more.png; sourceTree = "<group>"; };
/* End PBXFileReference section */

/* Begin PBXFrameworksBuildPhase section */
		1CA370771576052200535A82 /* Frameworks */ = {
			isa = PBXFrameworksBuildPhase;
			buildActionMask = 2147483647;
			files = (
				1C15D447157DC6FA00E4E168 /* SystemConfiguration.framework in Frameworks */,
				1CA3707F1576052200535A82 /* UIKit.framework in Frameworks */,
				1CA370811576052200535A82 /* Foundation.framework in Frameworks */,
				1CA370831576052200535A82 /* CoreGraphics.framework in Frameworks */,
			);
			runOnlyForDeploymentPostprocessing = 0;
		};
/* End PBXFrameworksBuildPhase section */

/* Begin PBXGroup section */
		1CA3706F1576052200535A82 = {
			isa = PBXGroup;
			children = (
				1C15D41F1577384E00E4E168 /* icon-s.png */,
				1C15D41C1577380A00E4E168 /* icon.png */,
				1CA371241576214400535A82 /* Default.png */,
				1CA371221576213700535A82 /* Default@2x.png */,
				1CA370841576052200535A82 /* PlanningPoker */,
				1CA3707D1576052200535A82 /* Frameworks */,
				1CA3707B1576052200535A82 /* Products */,
			);
			sourceTree = "<group>";
		};
		1CA3707B1576052200535A82 /* Products */ = {
			isa = PBXGroup;
			children = (
				1CA3707A1576052200535A82 /* PlanningPoker.app */,
			);
			name = Products;
			sourceTree = "<group>";
		};
		1CA3707D1576052200535A82 /* Frameworks */ = {
			isa = PBXGroup;
			children = (
				1C15D446157DC6FA00E4E168 /* SystemConfiguration.framework */,
				1CA3707E1576052200535A82 /* UIKit.framework */,
				1CA370801576052200535A82 /* Foundation.framework */,
				1CA370821576052200535A82 /* CoreGraphics.framework */,
			);
			name = Frameworks;
			sourceTree = "<group>";
		};
		1CA370841576052200535A82 /* PlanningPoker */ = {
			isa = PBXGroup;
			children = (
				1CA370B41576169900535A82 /* images */,
				1CA3708D1576052200535A82 /* AppDelegate.h */,
				1CA3708E1576052200535A82 /* AppDelegate.m */,
				1CA370851576052200535A82 /* Supporting Files */,
				1CA370A21576061400535A82 /* MainViewController.h */,
				1CA370A31576061400535A82 /* MainViewController.m */,
				1CA370A41576061400535A82 /* MainViewController.xib */,
				1C15D42B1577796700E4E168 /* MoreViewController.h */,
				1C15D42C1577796700E4E168 /* MoreViewController.m */,
				1C15D42D1577796700E4E168 /* MoreViewController.xib */,
				1C15D4321577839100E4E168 /* MoreCardViewController.h */,
				1C15D4331577839100E4E168 /* MoreCardViewController.m */,
				1C15D4341577839100E4E168 /* MoreCardViewController.xib */,
				1C15D4391578F5FE00E4E168 /* AboutOpendreamViewController.h */,
				1C15D43A1578F5FE00E4E168 /* AboutOpendreamViewController.m */,
				1C15D43B1578F5FE00E4E168 /* AboutOpendreamViewController.xib */,
				1C15D43E157DB77E00E4E168 /* AboutScrumViewController.h */,
				1C15D43F157DB77F00E4E168 /* AboutScrumViewController.m */,
				1C15D440157DB77F00E4E168 /* AboutScrumViewController.xib */,
				1C15D443157DBD7800E4E168 /* Reachability.h */,
				1C15D444157DBD7900E4E168 /* Reachability.m */,
			);
			path = PlanningPoker;
			sourceTree = "<group>";
		};
		1CA370851576052200535A82 /* Supporting Files */ = {
			isa = PBXGroup;
			children = (
				1CA370861576052200535A82 /* PlanningPoker-Info.plist */,
				1CA370871576052200535A82 /* InfoPlist.strings */,
				1CA3708A1576052200535A82 /* main.m */,
				1CA3708C1576052200535A82 /* PlanningPoker-Prefix.pch */,
			);
			name = "Supporting Files";
			sourceTree = "<group>";
		};
		1CA370B41576169900535A82 /* images */ = {
			isa = PBXGroup;
			children = (
				1C15D4371578C30500E4E168 /* back.png */,
				1C15D4301577820A00E4E168 /* h-about.png */,
				1C15D4251577748000E4E168 /* bt-more-cards.png */,
				1C15D4261577748000E4E168 /* bt-opendream.png */,
				1C15D4271577748000E4E168 /* bt-scrum-course.png */,
				1C15D4231577710E00E4E168 /* bg.png */,
				1CA3713015772E6700535A82 /* more.png */,
				1CA3712015761FF200535A82 /* develop-by.png */,
				1CA370B5157616A900535A82 /* cards */,
			);
			name = images;
			sourceTree = "<group>";
		};
		1CA370B5157616A900535A82 /* cards */ = {
			isa = PBXGroup;
			children = (
				1CA370DB15761AAA00535A82 /* big */,
				1CA370C81576198D00535A82 /* small */,
			);
			name = cards;
			sourceTree = "<group>";
		};
		1CA370C81576198D00535A82 /* small */ = {
			isa = PBXGroup;
			children = (
				1CA370C9157619F500535A82 /* card-0.png */,
				1CA370CA157619F500535A82 /* card-1.png */,
				1CA370CB157619F500535A82 /* card-2.png */,
				1CA370CC157619F500535A82 /* card-3.png */,
				1CA370CD157619F500535A82 /* card-5.png */,
				1C3CE40B157F931B006E9A14 /* card--1.png */,
				1C3CE40C157F931B006E9A14 /* card-999.png */,
				1CA370CE157619F500535A82 /* card-8.png */,
				1CA370CF157619F500535A82 /* card-13.png */,
			);
			name = small;
			sourceTree = "<group>";
		};
		1CA370DB15761AAA00535A82 /* big */ = {
			isa = PBXGroup;
			children = (
				1C15D4211577546200E4E168 /* bigcard-2.png */,
				1CA370DC15761ADC00535A82 /* bigcard-0.png */,
				1C3CE407157F92DA006E9A14 /* bigcard--1.png */,
				1CA370DD15761ADC00535A82 /* bigcard-1.png */,
				1C3CE409157F9310006E9A14 /* bigcard-999.png */,
				1CA370DE15761ADC00535A82 /* bigcard-3.png */,
				1CA370DF15761ADC00535A82 /* bigcard-5.png */,
				1CA370E015761ADC00535A82 /* bigcard-8.png */,
				1CA370E115761ADC00535A82 /* bigcard-13.png */,
			);
			name = big;
			sourceTree = "<group>";
		};
/* End PBXGroup section */

/* Begin PBXNativeTarget section */
		1CA370791576052200535A82 /* PlanningPoker */ = {
			isa = PBXNativeTarget;
			buildConfigurationList = 1CA370921576052200535A82 /* Build configuration list for PBXNativeTarget "PlanningPoker" */;
			buildPhases = (
				1CA370761576052200535A82 /* Sources */,
				1CA370771576052200535A82 /* Frameworks */,
				1CA370781576052200535A82 /* Resources */,
			);
			buildRules = (
			);
			dependencies = (
			);
			name = PlanningPoker;
			productName = PlanningPoker;
			productReference = 1CA3707A1576052200535A82 /* PlanningPoker.app */;
			productType = "com.apple.product-type.application";
		};
/* End PBXNativeTarget section */

/* Begin PBXProject section */
		1CA370711576052200535A82 /* Project object */ = {
			isa = PBXProject;
			attributes = {
				LastUpgradeCheck = 0430;
			};
			buildConfigurationList = 1CA370741576052200535A82 /* Build configuration list for PBXProject "PlanningPoker" */;
			compatibilityVersion = "Xcode 3.2";
			developmentRegion = English;
			hasScannedForEncodings = 0;
			knownRegions = (
				en,
			);
			mainGroup = 1CA3706F1576052200535A82;
			productRefGroup = 1CA3707B1576052200535A82 /* Products */;
			projectDirPath = "";
			projectRoot = "";
			targets = (
				1CA370791576052200535A82 /* PlanningPoker */,
			);
		};
/* End PBXProject section */

/* Begin PBXResourcesBuildPhase section */
		1CA370781576052200535A82 /* Resources */ = {
			isa = PBXResourcesBuildPhase;
			buildActionMask = 2147483647;
			files = (
				1CA370891576052200535A82 /* InfoPlist.strings in Resources */,
				1CA370A61576061400535A82 /* MainViewController.xib in Resources */,
				1CA370D2157619F500535A82 /* card-0.png in Resources */,
				1CA370D3157619F500535A82 /* card-1.png in Resources */,
				1CA370D4157619F500535A82 /* card-2.png in Resources */,
				1CA370D5157619F500535A82 /* card-3.png in Resources */,
				1CA370D6157619F500535A82 /* card-5.png in Resources */,
				1CA370D7157619F500535A82 /* card-8.png in Resources */,
				1CA370D8157619F500535A82 /* card-13.png in Resources */,
				1CA370E415761ADC00535A82 /* bigcard-0.png in Resources */,
				1CA370E515761ADC00535A82 /* bigcard-1.png in Resources */,
				1CA370E615761ADC00535A82 /* bigcard-3.png in Resources */,
				1CA370E715761ADC00535A82 /* bigcard-5.png in Resources */,
				1CA370E815761ADC00535A82 /* bigcard-8.png in Resources */,
				1CA370E915761ADC00535A82 /* bigcard-13.png in Resources */,
				1CA3712115761FF200535A82 /* develop-by.png in Resources */,
				1CA371231576213700535A82 /* Default@2x.png in Resources */,
				1CA371251576214400535A82 /* Default.png in Resources */,
				1CA3713115772E6700535A82 /* more.png in Resources */,
				1C15D41D1577380A00E4E168 /* icon.png in Resources */,
				1C15D4201577384E00E4E168 /* icon-s.png in Resources */,
				1C15D4221577546200E4E168 /* bigcard-2.png in Resources */,
				1C15D4241577710E00E4E168 /* bg.png in Resources */,
				1C15D4281577748000E4E168 /* bt-more-cards.png in Resources */,
				1C15D4291577748000E4E168 /* bt-opendream.png in Resources */,
				1C15D42A1577748000E4E168 /* bt-scrum-course.png in Resources */,
				1C15D42F1577796700E4E168 /* MoreViewController.xib in Resources */,
				1C15D4311577820A00E4E168 /* h-about.png in Resources */,
				1C15D4361577839100E4E168 /* MoreCardViewController.xib in Resources */,
				1C15D4381578C30500E4E168 /* back.png in Resources */,
				1C15D43D1578F5FE00E4E168 /* AboutOpendreamViewController.xib in Resources */,
				1C15D442157DB77F00E4E168 /* AboutScrumViewController.xib in Resources */,
				1C3CE408157F92DA006E9A14 /* bigcard--1.png in Resources */,
				1C3CE40A157F9310006E9A14 /* bigcard-999.png in Resources */,
				1C3CE40D157F931B006E9A14 /* card--1.png in Resources */,
				1C3CE40E157F931B006E9A14 /* card-999.png in Resources */,
			);
			runOnlyForDeploymentPostprocessing = 0;
		};
/* End PBXResourcesBuildPhase section */

/* Begin PBXSourcesBuildPhase section */
		1CA370761576052200535A82 /* Sources */ = {
			isa = PBXSourcesBuildPhase;
			buildActionMask = 2147483647;
			files = (
				1CA3708B1576052200535A82 /* main.m in Sources */,
				1CA3708F1576052200535A82 /* AppDelegate.m in Sources */,
				1CA370A51576061400535A82 /* MainViewController.m in Sources */,
				1C15D42E1577796700E4E168 /* MoreViewController.m in Sources */,
				1C15D4351577839100E4E168 /* MoreCardViewController.m in Sources */,
				1C15D43C1578F5FE00E4E168 /* AboutOpendreamViewController.m in Sources */,
				1C15D441157DB77F00E4E168 /* AboutScrumViewController.m in Sources */,
				1C15D445157DBD7900E4E168 /* Reachability.m in Sources */,
			);
			runOnlyForDeploymentPostprocessing = 0;
		};
/* End PBXSourcesBuildPhase section */

/* Begin PBXVariantGroup section */
		1CA370871576052200535A82 /* InfoPlist.strings */ = {
			isa = PBXVariantGroup;
			children = (
				1CA370881576052200535A82 /* en */,
			);
			name = InfoPlist.strings;
			sourceTree = "<group>";
		};
/* End PBXVariantGroup section */

/* Begin XCBuildConfiguration section */
		1CA370901576052200535A82 /* Debug */ = {
			isa = XCBuildConfiguration;
			buildSettings = {
				ALWAYS_SEARCH_USER_PATHS = NO;
				ARCHS = "$(ARCHS_STANDARD_32_BIT)";
				CLANG_ENABLE_OBJC_ARC = YES;
				CODE_SIGN_IDENTITY = "";
				"CODE_SIGN_IDENTITY[sdk=iphoneos*]" = "iPhone Developer";
				COPY_PHASE_STRIP = NO;
				GCC_C_LANGUAGE_STANDARD = gnu99;
				GCC_DYNAMIC_NO_PIC = NO;
				GCC_OPTIMIZATION_LEVEL = 0;
				GCC_PREPROCESSOR_DEFINITIONS = (
					"DEBUG=1",
					"$(inherited)",
				);
				GCC_SYMBOLS_PRIVATE_EXTERN = NO;
				GCC_VERSION = com.apple.compilers.llvm.clang.1_0;
				GCC_WARN_ABOUT_RETURN_TYPE = YES;
				GCC_WARN_UNINITIALIZED_AUTOS = YES;
				GCC_WARN_UNUSED_VARIABLE = YES;
				IPHONEOS_DEPLOYMENT_TARGET = 5.1;
				"PROVISIONING_PROFILE[sdk=iphoneos*]" = "";
				SDKROOT = iphoneos;
			};
			name = Debug;
		};
		1CA370911576052200535A82 /* Release */ = {
			isa = XCBuildConfiguration;
			buildSettings = {
				ALWAYS_SEARCH_USER_PATHS = NO;
				ARCHS = "$(ARCHS_STANDARD_32_BIT)";
				CLANG_ENABLE_OBJC_ARC = YES;
				CODE_SIGN_IDENTITY = "";
				"CODE_SIGN_IDENTITY[sdk=iphoneos*]" = "iPhone Developer";
				COPY_PHASE_STRIP = YES;
				GCC_C_LANGUAGE_STANDARD = gnu99;
				GCC_VERSION = com.apple.compilers.llvm.clang.1_0;
				GCC_WARN_ABOUT_RETURN_TYPE = YES;
				GCC_WARN_UNINITIALIZED_AUTOS = YES;
				GCC_WARN_UNUSED_VARIABLE = YES;
				IPHONEOS_DEPLOYMENT_TARGET = 5.1;
				OTHER_CFLAGS = "-DNS_BLOCK_ASSERTIONS=1";
				SDKROOT = iphoneos;
				VALIDATE_PRODUCT = YES;
			};
			name = Release;
		};
		1CA370931576052200535A82 /* Debug */ = {
			isa = XCBuildConfiguration;
			buildSettings = {
				GCC_PRECOMPILE_PREFIX_HEADER = YES;
				GCC_PREFIX_HEADER = "PlanningPoker/PlanningPoker-Prefix.pch";
				INFOPLIST_FILE = "PlanningPoker/PlanningPoker-Info.plist";
				PRODUCT_NAME = "$(TARGET_NAME)";
				WRAPPER_EXTENSION = app;
			};
			name = Debug;
		};
		1CA370941576052200535A82 /* Release */ = {
			isa = XCBuildConfiguration;
			buildSettings = {
				GCC_PRECOMPILE_PREFIX_HEADER = YES;
				GCC_PREFIX_HEADER = "PlanningPoker/PlanningPoker-Prefix.pch";
				INFOPLIST_FILE = "PlanningPoker/PlanningPoker-Info.plist";
				PRODUCT_NAME = "$(TARGET_NAME)";
				WRAPPER_EXTENSION = app;
			};
			name = Release;
		};
/* End XCBuildConfiguration section */

/* Begin XCConfigurationList section */
		1CA370741576052200535A82 /* Build configuration list for PBXProject "PlanningPoker" */ = {
			isa = XCConfigurationList;
			buildConfigurations = (
				1CA370901576052200535A82 /* Debug */,
				1CA370911576052200535A82 /* Release */,
			);
			defaultConfigurationIsVisible = 0;
			defaultConfigurationName = Release;
		};
		1CA370921576052200535A82 /* Build configuration list for PBXNativeTarget "PlanningPoker" */ = {
			isa = XCConfigurationList;
			buildConfigurations = (
				1CA370931576052200535A82 /* Debug */,
				1CA370941576052200535A82 /* Release */,
			);
			defaultConfigurationIsVisible = 0;
			defaultConfigurationName = Release;
		};
/* End XCConfigurationList section */
	};
	rootObject = 1CA370711576052200535A82 /* Project object */;
}
